
Microsoft Visual Studio Solution File, Format Version 12.00
# Visual Studio Version 16
VisualStudioVersion = 16.0.29609.76
MinimumVisualStudioVersion = 10.0.40219.1
Project("{FAE04EC0-301F-11D3-BF4B-00C04F79EFBC}") = "ProjetoContaBancaria", "ProjetoContaBancaria\ProjetoContaBancaria.csproj", "{FDABF3DA-50B8-461B-8B83-40AC12E21025}"
EndProject
Project("{FAE04EC0-301F-11D3-BF4B-00C04F79EFBC}") = "ProjetoInicialClasses", "ProjetoInicialClasses\ProjetoInicialClasses.csproj", "{AF6F4142-CE4E-4850-81F2-88D545D86F84}"
EndProject
Project("{9A19103F-16F7-4668-BE54-9A1E7A4F7556}") = "IMC", "IMC\IMC.csproj", "{D36F3056-96BB-40D6-BCCD-E25FD550B059}"
EndProject
Project("{9A19103F-16F7-4668-BE54-9A1E7A4F7556}") = "Exercicio11", "..\Exercicio11\Exercicio11\Exercicio11.csproj", "{323E4B66-003D-4740-B398-19DF787D192C}"
EndProject
Project("{FAE04EC0-301F-11D3-BF4B-00C04F79EFBC}") = "ProjetoClinica", "ProjetoClinica\ProjetoClinica.csproj", "{393B8C3D-A45E-4184-AA4E-3231DC4A2BEC}"
EndProject
Project("{FAE04EC0-301F-11D3-BF4B-00C04F79EFBC}") = "LaserFast", "LaserFast\LaserFast.csproj", "{5F5AC2F8-E4AE-4158-B1CC-B622CCABBA3B}"
EndProject
Global
	GlobalSection(SolutionConfigurationPlatforms) = preSolution
		Debug|Any CPU = Debug|Any CPU
		Release|Any CPU = Release|Any CPU
	EndGlobalSection
	GlobalSection(ProjectConfigurationPlatforms) = postSolution
		{FDABF3DA-50B8-461B-8B83-40AC12E21025}.Debug|Any CPU.ActiveCfg = Debug|Any CPU
		{FDABF3DA-50B8-461B-8B83-40AC12E21025}.Debug|Any CPU.Build.0 = Debug|Any CPU
		{FDABF3DA-50B8-461B-8B83-40AC12E21025}.Release|Any CPU.ActiveCfg = Release|Any CPU
		{FDABF3DA-50B8-461B-8B83-40AC12E21025}.Release|Any CPU.Build.0 = Release|Any CPU
		{AF6F4142-CE4E-4850-81F2-88D545D86F84}.Debug|Any CPU.ActiveCfg = Debug|Any CPU
		{AF6F4142-CE4E-4850-81F2-88D545D86F84}.Debug|Any CPU.Build.0 = Debug|Any CPU
		{AF6F4142-CE4E-4850-81F2-88D545D86F84}.Release|Any CPU.ActiveCfg = Release|Any CPU
		{AF6F4142-CE4E-4850-81F2-88D545D86F84}.Release|Any CPU.Build.0 = Release|Any CPU
		{D36F3056-96BB-40D6-BCCD-E25FD550B059}.Debug|Any CPU.ActiveCfg = Debug|Any CPU
		{D36F3056-96BB-40D6-BCCD-E25FD550B059}.Debug|Any CPU.Build.0 = Debug|Any CPU
		{D36F3056-96BB-40D6-BCCD-E25FD550B059}.Release|Any CPU.ActiveCfg = Release|Any CPU
		{D36F3056-96BB-40D6-BCCD-E25FD550B059}.Release|Any CPU.Build.0 = Release|Any CPU
		{323E4B66-003D-4740-B398-19DF787D192C}.Debug|Any CPU.ActiveCfg = Debug|Any CPU
		{323E4B66-003D-4740-B398-19DF787D192C}.Debug|Any CPU.Build.0 = Debug|Any CPU
		{323E4B66-003D-4740-B398-19DF787D192C}.Release|Any CPU.ActiveCfg = Release|Any CPU
		{323E4B66-003D-4740-B398-19DF787D192C}.Release|Any CPU.Build.0 = Release|Any CPU
		{393B8C3D-A45E-4184-AA4E-3231DC4A2BEC}.Debug|Any CPU.ActiveCfg = Debug|Any CPU
		{393B8C3D-A45E-4184-AA4E-3231DC4A2BEC}.Debug|Any CPU.Build.0 = Debug|Any CPU
		{393B8C3D-A45E-4184-AA4E-3231DC4A2BEC}.Release|Any CPU.ActiveCfg = Release|Any CPU
		{393B8C3D-A45E-4184-AA4E-3231DC4A2BEC}.Release|Any CPU.Build.0 = Release|Any CPU
		{5F5AC2F8-E4AE-4158-B1CC-B622CCABBA3B}.Debug|Any CPU.ActiveCfg = Debug|Any CPU
		{5F5AC2F8-E4AE-4158-B1CC-B622CCABBA3B}.Debug|Any CPU.Build.0 = Debug|Any CPU
		{5F5AC2F8-E4AE-4158-B1CC-B622CCABBA3B}.Release|Any CPU.ActiveCfg = Release|Any CPU
		{5F5AC2F8-E4AE-4158-B1CC-B622CCABBA3B}.Release|Any CPU.Build.0 = Release|Any CPU
	EndGlobalSection
	GlobalSection(SolutionProperties) = preSolution
		HideSolutionNode = FALSE
	EndGlobalSection
	GlobalSection(ExtensibilityGlobals) = postSolution
		SolutionGuid = {8E43C256-415B-490C-B69B-724A4F9A8735}
	EndGlobalSection
EndGlobal
